
Microsoft Visual Studio Solution File, Format Version 12.00
# Visual Studio Version 17
VisualStudioVersion = 17.1.32328.378
MinimumVisualStudioVersion = 10.0.40219.1
Project("{9A19103F-16F7-4668-BE54-9A1E7A4F7556}") = "api", "api.csproj", "{ECEF0C70-818B-4EFF-AE84-EA0C2F6B2B44}"
EndProject
Global
	GlobalSection(SolutionConfigurationPlatforms) = preSolution
		Debug|Any CPU = Debug|Any CPU
		Release|Any CPU = Release|Any CPU
	EndGlobalSection
	GlobalSection(ProjectConfigurationPlatforms) = postSolution
		{ECEF0C70-818B-4EFF-AE84-EA0C2F6B2B44}.Debug|Any CPU.ActiveCfg = Debug|Any CPU
		{ECEF0C70-818B-4EFF-AE84-EA0C2F6B2B44}.Debug|Any CPU.Build.0 = Debug|Any CPU
		{ECEF0C70-818B-4EFF-AE84-EA0C2F6B2B44}.Release|Any CPU.ActiveCfg = Release|Any CPU
		{ECEF0C70-818B-4EFF-AE84-EA0C2F6B2B44}.Release|Any CPU.Build.0 = Release|Any CPU
	EndGlobalSection
	GlobalSection(SolutionProperties) = preSolution
		HideSolutionNode = FALSE
	EndGlobalSection
	GlobalSection(ExtensibilityGlobals) = postSolution
		SolutionGuid = {C4315665-D644-4122-A319-42A8E3FAA79D}
	EndGlobalSection
EndGlobal
